{
  "name": "tiny-chip8-web",
  "version": "1.0.0",
  "lockfileVersion": 1,
  "requires": true,
  "dependencies": {
    "big-triangle": {
      "version": "1.0.0",
      "resolved": "https://registry.npmjs.org/big-triangle/-/big-triangle-1.0.0.tgz",
      "integrity": "sha1-mtp01Rd9CTX4gt5pzf/X+DaR0KE="
    },
    "regl": {
      "version": "2.1.0",
      "resolved": "https://registry.npmjs.org/regl/-/regl-2.1.0.tgz",
      "integrity": "sha512-oWUce/aVoEvW5l2V0LK7O5KJMzUSKeiOwFuJehzpSFd43dO5spP9r+sSUfhKtsky4u6MCqWJaRL+abzExynfTg=="
    }
  }
}
